
Microsoft Visual Studio Solution File, Format Version 12.00
# Visual Studio 2012
Project("{E24C65DC-7377-472B-9ABA-BC803B73C61A}") = "Justin_App", "http://localhost:64001", "{4C24CD8D-A100-43E7-9057-CC116D4130B8}"
	ProjectSection(WebsiteProperties) = preProject
		UseIISExpress = "true"
		TargetFrameworkMoniker = ".NETFramework,Version%3Dv4.6"
		Debug.AspNetCompiler.VirtualPath = "/localhost_64001"
		Debug.AspNetCompiler.PhysicalPath = "..\..\WebSites\Justin_App\"
		Debug.AspNetCompiler.TargetPath = "PrecompiledWeb\localhost_64001\"
		Debug.AspNetCompiler.Updateable = "true"
		Debug.AspNetCompiler.ForceOverwrite = "true"
		Debug.AspNetCompiler.FixedNames = "false"
		Debug.AspNetCompiler.Debug = "True"
		Release.AspNetCompiler.VirtualPath = "/localhost_64001"
		Release.AspNetCompiler.PhysicalPath = "..\..\WebSites\Justin_App\"
		Release.AspNetCompiler.TargetPath = "PrecompiledWeb\localhost_64001\"
		Release.AspNetCompiler.Updateable = "true"
		Release.AspNetCompiler.ForceOverwrite = "true"
		Release.AspNetCompiler.FixedNames = "false"
		Release.AspNetCompiler.Debug = "False"
		SlnRelativePath = "..\..\WebSites\Justin_App\"
		DefaultWebSiteLanguage = "Visual C#"
	EndProjectSection
EndProject
Global
	GlobalSection(SolutionConfigurationPlatforms) = preSolution
		Debug|Any CPU = Debug|Any CPU
	EndGlobalSection
	GlobalSection(ProjectConfigurationPlatforms) = postSolution
		{4C24CD8D-A100-43E7-9057-CC116D4130B8}.Debug|Any CPU.ActiveCfg = Debug|Any CPU
		{4C24CD8D-A100-43E7-9057-CC116D4130B8}.Debug|Any CPU.Build.0 = Debug|Any CPU
	EndGlobalSection
	GlobalSection(SolutionProperties) = preSolution
		HideSolutionNode = FALSE
	EndGlobalSection
EndGlobal
